
Microsoft Visual Studio Solution File, Format Version 12.00
# Visual Studio 2012
Project("{FAE04EC0-301F-11D3-BF4B-00C04F79EFBC}") = "Assignment-4", "Assignment-4\Assignment-4.csproj", "{D20F9857-7573-4788-8C3F-6E88CAB75BFC}"
EndProject
Global
	GlobalSection(SolutionConfigurationPlatforms) = preSolution
		Debug|Any CPU = Debug|Any CPU
		Release|Any CPU = Release|Any CPU
	EndGlobalSection
	GlobalSection(ProjectConfigurationPlatforms) = postSolution
		{D20F9857-7573-4788-8C3F-6E88CAB75BFC}.Debug|Any CPU.ActiveCfg = Debug|Any CPU
		{D20F9857-7573-4788-8C3F-6E88CAB75BFC}.Debug|Any CPU.Build.0 = Debug|Any CPU
		{D20F9857-7573-4788-8C3F-6E88CAB75BFC}.Release|Any CPU.ActiveCfg = Release|Any CPU
		{D20F9857-7573-4788-8C3F-6E88CAB75BFC}.Release|Any CPU.Build.0 = Release|Any CPU
	EndGlobalSection
	GlobalSection(SolutionProperties) = preSolution
		HideSolutionNode = FALSE
	EndGlobalSection
EndGlobal
